
Microsoft Visual Studio Solution File, Format Version 12.00
# Visual Studio 15
VisualStudioVersion = 15.0.26730.15
MinimumVisualStudioVersion = 10.0.40219.1
Project("{FAE04EC0-301F-11D3-BF4B-00C04F79EFBC}") = "ASD2-lab3", "ASD2-lab3_v2\ASD2-lab3.csproj", "{0BA6AA2B-DB1B-4F4F-A73F-4BE0255054CB}"
EndProject
Global
	GlobalSection(SolutionConfigurationPlatforms) = preSolution
		Debug|Any CPU = Debug|Any CPU
		Release|Any CPU = Release|Any CPU
	EndGlobalSection
	GlobalSection(ProjectConfigurationPlatforms) = postSolution
		{0BA6AA2B-DB1B-4F4F-A73F-4BE0255054CB}.Debug|Any CPU.ActiveCfg = Debug|Any CPU
		{0BA6AA2B-DB1B-4F4F-A73F-4BE0255054CB}.Debug|Any CPU.Build.0 = Debug|Any CPU
		{0BA6AA2B-DB1B-4F4F-A73F-4BE0255054CB}.Release|Any CPU.ActiveCfg = Release|Any CPU
		{0BA6AA2B-DB1B-4F4F-A73F-4BE0255054CB}.Release|Any CPU.Build.0 = Release|Any CPU
	EndGlobalSection
	GlobalSection(SolutionProperties) = preSolution
		HideSolutionNode = FALSE
	EndGlobalSection
	GlobalSection(ExtensibilityGlobals) = postSolution
		SolutionGuid = {C589177B-1564-4609-8977-6C6A0D6B485A}
	EndGlobalSection
EndGlobal
