
Microsoft Visual Studio Solution File, Format Version 12.00
# Visual Studio 15
VisualStudioVersion = 15.0.26730.15
MinimumVisualStudioVersion = 10.0.40219.1
Project("{FAE04EC0-301F-11D3-BF4B-00C04F79EFBC}") = "ASD2-lab7", "ASD2-lab7\ASD2-lab7.csproj", "{84F7E985-35E9-422F-BCF2-6B623451045D}"
EndProject
Global
	GlobalSection(SolutionConfigurationPlatforms) = preSolution
		Debug|Any CPU = Debug|Any CPU
		Release|Any CPU = Release|Any CPU
	EndGlobalSection
	GlobalSection(ProjectConfigurationPlatforms) = postSolution
		{84F7E985-35E9-422F-BCF2-6B623451045D}.Debug|Any CPU.ActiveCfg = Debug|Any CPU
		{84F7E985-35E9-422F-BCF2-6B623451045D}.Debug|Any CPU.Build.0 = Debug|Any CPU
		{84F7E985-35E9-422F-BCF2-6B623451045D}.Release|Any CPU.ActiveCfg = Release|Any CPU
		{84F7E985-35E9-422F-BCF2-6B623451045D}.Release|Any CPU.Build.0 = Release|Any CPU
	EndGlobalSection
	GlobalSection(SolutionProperties) = preSolution
		HideSolutionNode = FALSE
	EndGlobalSection
	GlobalSection(ExtensibilityGlobals) = postSolution
		SolutionGuid = {D56E50D2-D9B1-4554-AC93-8392C83A368F}
	EndGlobalSection
EndGlobal
