
Microsoft Visual Studio Solution File, Format Version 12.00
# Visual Studio 15
VisualStudioVersion = 15.0.26730.15
MinimumVisualStudioVersion = 10.0.40219.1
Project("{FAE04EC0-301F-11D3-BF4B-00C04F79EFBC}") = "ASD2-lab10", "ASD2-lab10\ASD2-lab10.csproj", "{D1BAC72F-4297-4702-B3D8-3F61800423D1}"
EndProject
Global
	GlobalSection(SolutionConfigurationPlatforms) = preSolution
		Debug|Any CPU = Debug|Any CPU
		Release|Any CPU = Release|Any CPU
	EndGlobalSection
	GlobalSection(ProjectConfigurationPlatforms) = postSolution
		{D1BAC72F-4297-4702-B3D8-3F61800423D1}.Debug|Any CPU.ActiveCfg = Debug|Any CPU
		{D1BAC72F-4297-4702-B3D8-3F61800423D1}.Debug|Any CPU.Build.0 = Debug|Any CPU
		{D1BAC72F-4297-4702-B3D8-3F61800423D1}.Release|Any CPU.ActiveCfg = Release|Any CPU
		{D1BAC72F-4297-4702-B3D8-3F61800423D1}.Release|Any CPU.Build.0 = Release|Any CPU
	EndGlobalSection
	GlobalSection(SolutionProperties) = preSolution
		HideSolutionNode = FALSE
	EndGlobalSection
	GlobalSection(ExtensibilityGlobals) = postSolution
		SolutionGuid = {E7C19256-32DE-476F-8259-E9E9C6792ACB}
	EndGlobalSection
EndGlobal
